
Microsoft Visual Studio Solution File, Format Version 12.00
# Visual Studio 15
VisualStudioVersion = 15.0.28307.902
MinimumVisualStudioVersion = 10.0.40219.1
Project("{FAE04EC0-301F-11D3-BF4B-00C04F79EFBC}") = "Placement Management System", "Placement Management System\Placement Management System.csproj", "{4472DF35-6E90-40D6-9EA6-28D79E114D1A}"
EndProject
Global
	GlobalSection(SolutionConfigurationPlatforms) = preSolution
		Debug|Any CPU = Debug|Any CPU
		Release|Any CPU = Release|Any CPU
	EndGlobalSection
	GlobalSection(ProjectConfigurationPlatforms) = postSolution
		{4472DF35-6E90-40D6-9EA6-28D79E114D1A}.Debug|Any CPU.ActiveCfg = Debug|Any CPU
		{4472DF35-6E90-40D6-9EA6-28D79E114D1A}.Debug|Any CPU.Build.0 = Debug|Any CPU
		{4472DF35-6E90-40D6-9EA6-28D79E114D1A}.Release|Any CPU.ActiveCfg = Release|Any CPU
		{4472DF35-6E90-40D6-9EA6-28D79E114D1A}.Release|Any CPU.Build.0 = Release|Any CPU
	EndGlobalSection
	GlobalSection(SolutionProperties) = preSolution
		HideSolutionNode = FALSE
	EndGlobalSection
	GlobalSection(ExtensibilityGlobals) = postSolution
		SolutionGuid = {48AB8AA0-63B2-43F5-94BE-74D7548DDE45}
	EndGlobalSection
EndGlobal
